
Microsoft Visual Studio Solution File, Format Version 12.00
# Visual Studio Version 17
VisualStudioVersion = 17.7.34018.315
MinimumVisualStudioVersion = 10.0.40219.1
Project("{FAE04EC0-301F-11D3-BF4B-00C04F79EFBC}") = "Test_2024-02-09", "Test_2024-02-09\Test_2024-02-09.csproj", "{2B6B290F-D004-4B3F-B5BC-53A7AC49AAD3}"
EndProject
Global
	GlobalSection(SolutionConfigurationPlatforms) = preSolution
		Debug|Any CPU = Debug|Any CPU
		Release|Any CPU = Release|Any CPU
	EndGlobalSection
	GlobalSection(ProjectConfigurationPlatforms) = postSolution
		{2B6B290F-D004-4B3F-B5BC-53A7AC49AAD3}.Debug|Any CPU.ActiveCfg = Debug|Any CPU
		{2B6B290F-D004-4B3F-B5BC-53A7AC49AAD3}.Debug|Any CPU.Build.0 = Debug|Any CPU
		{2B6B290F-D004-4B3F-B5BC-53A7AC49AAD3}.Release|Any CPU.ActiveCfg = Release|Any CPU
		{2B6B290F-D004-4B3F-B5BC-53A7AC49AAD3}.Release|Any CPU.Build.0 = Release|Any CPU
	EndGlobalSection
	GlobalSection(SolutionProperties) = preSolution
		HideSolutionNode = FALSE
	EndGlobalSection
	GlobalSection(ExtensibilityGlobals) = postSolution
		SolutionGuid = {E5F3E9E8-43FE-4224-BD54-05A1AC88B908}
	EndGlobalSection
EndGlobal
